
Microsoft Visual Studio Solution File, Format Version 12.00
# Visual Studio Version 16
VisualStudioVersion = 16.0.30611.23
MinimumVisualStudioVersion = 10.0.40219.1
Project("{FAE04EC0-301F-11D3-BF4B-00C04F79EFBC}") = "ClientProxy-P4-20180140086-Form", "ClientProxy-P4-20180140086-Form\ClientProxy-P4-20180140086-Form.csproj", "{679B67A3-AD9E-4673-9CCF-2880CA6F0ACB}"
EndProject
Global
	GlobalSection(SolutionConfigurationPlatforms) = preSolution
		Debug|Any CPU = Debug|Any CPU
		Release|Any CPU = Release|Any CPU
	EndGlobalSection
	GlobalSection(ProjectConfigurationPlatforms) = postSolution
		{679B67A3-AD9E-4673-9CCF-2880CA6F0ACB}.Debug|Any CPU.ActiveCfg = Debug|Any CPU
		{679B67A3-AD9E-4673-9CCF-2880CA6F0ACB}.Debug|Any CPU.Build.0 = Debug|Any CPU
		{679B67A3-AD9E-4673-9CCF-2880CA6F0ACB}.Release|Any CPU.ActiveCfg = Release|Any CPU
		{679B67A3-AD9E-4673-9CCF-2880CA6F0ACB}.Release|Any CPU.Build.0 = Release|Any CPU
	EndGlobalSection
	GlobalSection(SolutionProperties) = preSolution
		HideSolutionNode = FALSE
	EndGlobalSection
	GlobalSection(ExtensibilityGlobals) = postSolution
		SolutionGuid = {6D97A4CE-4C17-4293-914B-C77C697A8A9A}
	EndGlobalSection
EndGlobal
